
Microsoft Visual Studio Solution File, Format Version 12.00
# Visual Studio Version 17
VisualStudioVersion = 17.5.002.0
MinimumVisualStudioVersion = 10.0.40219.1
Project("{9A19103F-16F7-4668-BE54-9A1E7A4F7556}") = "api", "api.csproj", "{CAC96027-F7BC-46E0-A008-B31F9EB5D0AB}"
EndProject
Global
	GlobalSection(SolutionConfigurationPlatforms) = preSolution
		Debug|Any CPU = Debug|Any CPU
		Release|Any CPU = Release|Any CPU
	EndGlobalSection
	GlobalSection(ProjectConfigurationPlatforms) = postSolution
		{CAC96027-F7BC-46E0-A008-B31F9EB5D0AB}.Debug|Any CPU.ActiveCfg = Debug|Any CPU
		{CAC96027-F7BC-46E0-A008-B31F9EB5D0AB}.Debug|Any CPU.Build.0 = Debug|Any CPU
		{CAC96027-F7BC-46E0-A008-B31F9EB5D0AB}.Release|Any CPU.ActiveCfg = Release|Any CPU
		{CAC96027-F7BC-46E0-A008-B31F9EB5D0AB}.Release|Any CPU.Build.0 = Release|Any CPU
	EndGlobalSection
	GlobalSection(SolutionProperties) = preSolution
		HideSolutionNode = FALSE
	EndGlobalSection
	GlobalSection(ExtensibilityGlobals) = postSolution
		SolutionGuid = {050B8B1C-39C6-48FE-8B52-DBD6D752994E}
	EndGlobalSection
EndGlobal
